<?xml version="1.0" encoding="utf-8"?>
<Project ToolsVersion="4.0" xmlns="http://schemas.microsoft.com/developer/msbuild/2003">
  <ItemGroup>
    <ClCompile Include="pch.cpp">
      <Filter>97. Base</Filter>
    </ClCompile>
    <ClCompile Include="DataType.cpp">
      <Filter>97. Base</Filter>
    </ClCompile>
    <ClCompile Include="Macros.cpp">
      <Filter>97. Base</Filter>
    </ClCompile>
    <ClCompile Include="Error.cpp">
      <Filter>97. Base</Filter>
    </ClCompile>
    <ClCompile Include="Log.cpp">
      <Filter>1. Core\Log</Filter>
    </ClCompile>
    <ClCompile Include="Timer.cpp">
      <Filter>98. Utilities</Filter>
    </ClCompile>
    <ClCompile Include="StringUtilities.cpp">
      <Filter>98. Utilities</Filter>
    </ClCompile>
    <ClCompile Include="Application.cpp">
      <Filter>1. Core</Filter>
    </ClCompile>
    <ClCompile Include="WindowsUtilities.cpp">
      <Filter>98. Utilities</Filter>
    </ClCompile>
    <ClCompile Include="Window.cpp">
      <Filter>1. Core\Platform</Filter>
    </ClCompile>
    <ClCompile Include="Event.cpp">
      <Filter>1. Core\Event</Filter>
    </ClCompile>
    <ClCompile Include="TypeTrait.cpp">
      <Filter>98. Utilities</Filter>
    </ClCompile>
    <ClCompile Include="Events.cpp">
      <Filter>1. Core\Event</Filter>
    </ClCompile>
  </ItemGroup>
  <ItemGroup>
    <Filter Include="99. Config">
      <UniqueIdentifier>{4622a439-0e58-430b-8a58-a2fe31bcf3b2}</UniqueIdentifier>
    </Filter>
    <Filter Include="0. Include">
      <UniqueIdentifier>{7b1cf538-f48a-489e-8d06-5a1d992dcc40}</UniqueIdentifier>
    </Filter>
    <Filter Include="98. Utilities">
      <UniqueIdentifier>{348ab829-ff51-4e7b-85b2-dc5dcff535d5}</UniqueIdentifier>
    </Filter>
    <Filter Include="1. Core">
      <UniqueIdentifier>{695115ad-f046-4a59-b7b9-50663d492e77}</UniqueIdentifier>
    </Filter>
    <Filter Include="97. Base">
      <UniqueIdentifier>{933d5f72-246a-4053-ab13-7354e5972700}</UniqueIdentifier>
    </Filter>
    <Filter Include="1. Core\Event">
      <UniqueIdentifier>{607c22e6-0ad9-482b-99b9-8fb47d4b8df9}</UniqueIdentifier>
    </Filter>
    <Filter Include="1. Core\Log">
      <UniqueIdentifier>{3580285b-7767-4b23-aa73-a974c4aed67c}</UniqueIdentifier>
    </Filter>
    <Filter Include="1. Core\Platform">
      <UniqueIdentifier>{75882a70-3fb8-40ec-988b-13e9bb48828c}</UniqueIdentifier>
    </Filter>
    <Filter Include="2. Renderer">
      <UniqueIdentifier>{7e87f941-ee9f-42c4-8e36-9c6b8c9758b9}</UniqueIdentifier>
    </Filter>
  </ItemGroup>
  <ItemGroup>
    <ClInclude Include="pch.h">
      <Filter>97. Base</Filter>
    </ClInclude>
    <ClInclude Include="Config.h">
      <Filter>99. Config</Filter>
    </ClInclude>
    <ClInclude Include="DataType.h">
      <Filter>97. Base</Filter>
    </ClInclude>
    <ClInclude Include="Macros.h">
      <Filter>97. Base</Filter>
    </ClInclude>
    <ClInclude Include="Error.h">
      <Filter>97. Base</Filter>
    </ClInclude>
    <ClInclude Include="Log.h">
      <Filter>1. Core\Log</Filter>
    </ClInclude>
    <ClInclude Include="Timer.h">
      <Filter>98. Utilities</Filter>
    </ClInclude>
    <ClInclude Include="StringUtilities.h">
      <Filter>98. Utilities</Filter>
    </ClInclude>
    <ClInclude Include="EntryPoint.h">
      <Filter>1. Core</Filter>
    </ClInclude>
    <ClInclude Include="JamEngine.h">
      <Filter>0. Include</Filter>
    </ClInclude>
    <ClInclude Include="Application.h">
      <Filter>1. Core</Filter>
    </ClInclude>
    <ClInclude Include="WindowsUtilities.h">
      <Filter>98. Utilities</Filter>
    </ClInclude>
    <ClInclude Include="Window.h">
      <Filter>1. Core\Platform</Filter>
    </ClInclude>
    <ClInclude Include="Event.h">
      <Filter>1. Core\Event</Filter>
    </ClInclude>
    <ClInclude Include="TypeTrait.h">
      <Filter>98. Utilities</Filter>
    </ClInclude>
    <ClInclude Include="Events.h">
      <Filter>1. Core\Event</Filter>
    </ClInclude>
  </ItemGroup>
  <ItemGroup>
    <None Include=".clang-format">
      <Filter>99. Config</Filter>
    </None>
    <None Include=".editorconfig">
      <Filter>99. Config</Filter>
    </None>
  </ItemGroup>
</Project>