<?xml version="1.0" encoding="utf-8"?>
<Project ToolsVersion="4.0" xmlns="http://schemas.microsoft.com/developer/msbuild/2003">
  <ItemGroup>
    <ClCompile Include="pch.cpp">
      <Filter>99. Base</Filter>
    </ClCompile>
    <ClCompile Include="DataType.cpp">
      <Filter>99. Base</Filter>
    </ClCompile>
    <ClCompile Include="Macros.cpp">
      <Filter>99. Base</Filter>
    </ClCompile>
    <ClCompile Include="Error.cpp">
      <Filter>99. Base</Filter>
    </ClCompile>
    <ClCompile Include="Log.cpp">
      <Filter>1. Core\Log</Filter>
    </ClCompile>
    <ClCompile Include="Timer.cpp">
      <Filter>98. Utilities</Filter>
    </ClCompile>
    <ClCompile Include="StringUtilities.cpp">
      <Filter>98. Utilities</Filter>
    </ClCompile>
    <ClCompile Include="Application.cpp">
      <Filter>1. Core</Filter>
    </ClCompile>
    <ClCompile Include="WindowsUtilities.cpp">
      <Filter>98. Utilities</Filter>
    </ClCompile>
    <ClCompile Include="Window.cpp">
      <Filter>1. Core\Platform</Filter>
    </ClCompile>
    <ClCompile Include="Event.cpp">
      <Filter>1. Core\Event</Filter>
    </ClCompile>
    <ClCompile Include="Events.cpp">
      <Filter>1. Core\Event</Filter>
    </ClCompile>
    <ClCompile Include="EntryPoint.cpp">
      <Filter>1. Core</Filter>
    </ClCompile>
    <ClCompile Include="CommandQueue.cpp">
      <Filter>97. MultiThread</Filter>
    </ClCompile>
    <ClCompile Include="MathUtilities.cpp">
      <Filter>98. Utilities</Filter>
    </ClCompile>
    <ClCompile Include="Buffers.cpp">
      <Filter>2. Renderer\Buffer</Filter>
    </ClCompile>
    <ClCompile Include="ShaderCompiler.cpp">
      <Filter>2. Renderer\Shader</Filter>
    </ClCompile>
    <ClCompile Include="InputLayout.cpp">
      <Filter>2. Renderer\Shader</Filter>
    </ClCompile>
    <ClCompile Include="TypeTrait.cpp">
      <Filter>99. Base</Filter>
    </ClCompile>
    <ClCompile Include="Textures.cpp">
      <Filter>2. Renderer\Texture</Filter>
    </ClCompile>
    <ClCompile Include="ShaderProgram.cpp">
      <Filter>2. Renderer\Shader</Filter>
    </ClCompile>
    <ClCompile Include="RenderStates.cpp">
      <Filter>2. Renderer\States</Filter>
    </ClCompile>
    <ClCompile Include="Viewport.cpp">
      <Filter>2. Renderer\Viewport</Filter>
    </ClCompile>
    <ClCompile Include="ILayer.cpp">
      <Filter>1. Core\ILayer</Filter>
    </ClCompile>
    <ClCompile Include="RendererCommons.cpp">
      <Filter>2. Renderer\Core</Filter>
    </ClCompile>
    <ClCompile Include="Renderer.cpp">
      <Filter>2. Renderer\Core</Filter>
    </ClCompile>
    <ClCompile Include="ImguiLayer.cpp">
      <Filter>2. Renderer\Imgui</Filter>
    </ClCompile>
    <ClCompile Include="SceneLayer.cpp">
      <Filter>4. Scene</Filter>
    </ClCompile>
    <ClCompile Include="Scene.cpp">
      <Filter>4. Scene</Filter>
    </ClCompile>
    <ClCompile Include="Components.cpp">
      <Filter>4. Scene\ECS</Filter>
    </ClCompile>
    <ClCompile Include="Entity.cpp">
      <Filter>4. Scene\ECS</Filter>
    </ClCompile>
    <ClCompile Include="Script.cpp">
      <Filter>4. Scene\ECS</Filter>
    </ClCompile>
    <ClCompile Include="Model.cpp">
      <Filter>2. Renderer\Model</Filter>
    </ClCompile>
    <ClCompile Include="Vertex.cpp">
      <Filter>2. Renderer\Vertex</Filter>
    </ClCompile>
    <ClCompile Include="ModelImporter.cpp">
      <Filter>2. Renderer\Model</Filter>
    </ClCompile>
    <ClCompile Include="ModelExporter.cpp">
      <Filter>2. Renderer\Model</Filter>
    </ClCompile>
    <ClCompile Include="MeshFactory.cpp">
      <Filter>2. Renderer\Model</Filter>
    </ClCompile>
    <ClCompile Include="Mesh.cpp">
      <Filter>2. Renderer\Model</Filter>
    </ClCompile>
    <ClCompile Include="Material.cpp">
      <Filter>2. Renderer\Model</Filter>
    </ClCompile>
    <ClCompile Include="ModelLoader.cpp">
      <Filter>2. Renderer\Model</Filter>
    </ClCompile>
    <ClCompile Include="Input.cpp">
      <Filter>1. Core\Input</Filter>
    </ClCompile>
    <ClCompile Include="ColorUtility.cpp">
      <Filter>98. Utilities</Filter>
    </ClCompile>
    <ClCompile Include="BuiltInShaderProgram.cpp">
      <Filter>2. Renderer\BuiltIn\Shader</Filter>
    </ClCompile>
    <ClCompile Include="BuildInConstantBuffers.cpp">
      <Filter>2. Renderer\BuiltIn\ConstantBuffer</Filter>
    </ClCompile>
    <ClCompile Include="BuiltInRenderStates.cpp">
      <Filter>2. Renderer\BuiltIn\States</Filter>
    </ClCompile>
    <ClCompile Include="ScriptMetaManager.cpp">
      <Filter>4. Scene\ECS</Filter>
    </ClCompile>
    <ClCompile Include="ComponentMetaManager.cpp" />
  </ItemGroup>
  <ItemGroup>
    <Filter Include="0. Include">
      <UniqueIdentifier>{7b1cf538-f48a-489e-8d06-5a1d992dcc40}</UniqueIdentifier>
    </Filter>
    <Filter Include="1. Core">
      <UniqueIdentifier>{695115ad-f046-4a59-b7b9-50663d492e77}</UniqueIdentifier>
    </Filter>
    <Filter Include="1. Core\Event">
      <UniqueIdentifier>{607c22e6-0ad9-482b-99b9-8fb47d4b8df9}</UniqueIdentifier>
    </Filter>
    <Filter Include="1. Core\Log">
      <UniqueIdentifier>{3580285b-7767-4b23-aa73-a974c4aed67c}</UniqueIdentifier>
    </Filter>
    <Filter Include="1. Core\Platform">
      <UniqueIdentifier>{75882a70-3fb8-40ec-988b-13e9bb48828c}</UniqueIdentifier>
    </Filter>
    <Filter Include="2. Renderer">
      <UniqueIdentifier>{7e87f941-ee9f-42c4-8e36-9c6b8c9758b9}</UniqueIdentifier>
    </Filter>
    <Filter Include="99. Base">
      <UniqueIdentifier>{933d5f72-246a-4053-ab13-7354e5972700}</UniqueIdentifier>
    </Filter>
    <Filter Include="99. Base\Config">
      <UniqueIdentifier>{4622a439-0e58-430b-8a58-a2fe31bcf3b2}</UniqueIdentifier>
    </Filter>
    <Filter Include="98. Utilities">
      <UniqueIdentifier>{348ab829-ff51-4e7b-85b2-dc5dcff535d5}</UniqueIdentifier>
    </Filter>
    <Filter Include="2. Renderer\Buffer">
      <UniqueIdentifier>{e68d0003-5a5b-42bd-a4cf-62aeb17934e2}</UniqueIdentifier>
    </Filter>
    <Filter Include="2. Renderer\Shader">
      <UniqueIdentifier>{c23cb475-e299-4fb6-8bb6-8a3c8af928c5}</UniqueIdentifier>
    </Filter>
    <Filter Include="2. Renderer\Texture">
      <UniqueIdentifier>{089ee9f5-14de-4747-aaa0-2746094882de}</UniqueIdentifier>
    </Filter>
    <Filter Include="2. Renderer\Viewport">
      <UniqueIdentifier>{345a7ed4-bbd6-4175-bbd4-d2a7615c7d25}</UniqueIdentifier>
    </Filter>
    <Filter Include="2. Renderer\Core">
      <UniqueIdentifier>{22356f61-f4c2-44c0-a886-5f8829e8cb5e}</UniqueIdentifier>
    </Filter>
    <Filter Include="2. Renderer\Imgui">
      <UniqueIdentifier>{0eaa2a7e-1e50-46dc-9c0e-9f8e3097bded}</UniqueIdentifier>
    </Filter>
    <Filter Include="1. Core\ILayer">
      <UniqueIdentifier>{ec73bece-9d03-42b3-bcc8-3691f61d4db4}</UniqueIdentifier>
    </Filter>
    <Filter Include="4. Scene">
      <UniqueIdentifier>{e5acf42d-946d-459b-aad0-d02d7d60efb6}</UniqueIdentifier>
    </Filter>
    <Filter Include="4. Scene\ECS">
      <UniqueIdentifier>{f8606bf7-e19f-44bd-bd28-1cfe88774dea}</UniqueIdentifier>
    </Filter>
    <Filter Include="5. Assets">
      <UniqueIdentifier>{3a9055cf-4862-4f71-975c-45185377c502}</UniqueIdentifier>
    </Filter>
    <Filter Include="2. Renderer\Model">
      <UniqueIdentifier>{a6be46a3-80c7-401d-a6d8-749e4dbb194d}</UniqueIdentifier>
    </Filter>
    <Filter Include="2. Renderer\Vertex">
      <UniqueIdentifier>{edd2e9a3-e85b-42d8-ba21-cfbd50905281}</UniqueIdentifier>
    </Filter>
    <Filter Include="96. Serializer">
      <UniqueIdentifier>{9bfe1476-b444-45b6-9bc2-67a055788854}</UniqueIdentifier>
    </Filter>
    <Filter Include="96. Serializer\Flatbuffers">
      <UniqueIdentifier>{9032b5cd-4ee5-4031-b861-e75fd1c8c3c9}</UniqueIdentifier>
    </Filter>
    <Filter Include="96. Serializer\Flatbuffers\Model">
      <UniqueIdentifier>{6c5a9424-b200-4981-9993-6747d3ae5ffd}</UniqueIdentifier>
    </Filter>
    <Filter Include="97. MultiThread">
      <UniqueIdentifier>{807b8b30-98be-4e07-bc66-41a6f4c83e3e}</UniqueIdentifier>
    </Filter>
    <Filter Include="1. Core\Input">
      <UniqueIdentifier>{d5ba1c24-3e7d-4ab4-9142-f7b950bb110d}</UniqueIdentifier>
    </Filter>
    <Filter Include="2. Renderer\BuiltIn">
      <UniqueIdentifier>{6220b80b-9fab-4096-aef2-c9316ab2c64a}</UniqueIdentifier>
    </Filter>
    <Filter Include="2. Renderer\BuiltIn\Shader">
      <UniqueIdentifier>{824fb20c-1608-4cd6-9da2-42cf9cd5a46d}</UniqueIdentifier>
    </Filter>
    <Filter Include="2. Renderer\BuiltIn\ConstantBuffer">
      <UniqueIdentifier>{39b868a5-a6ab-431f-8c44-0a8a4c3a4bdb}</UniqueIdentifier>
    </Filter>
    <Filter Include="2. Renderer\States">
      <UniqueIdentifier>{7aafdfa2-5e15-4fac-a2df-92b92fab9308}</UniqueIdentifier>
    </Filter>
    <Filter Include="2. Renderer\BuiltIn\States">
      <UniqueIdentifier>{827e908f-d2e2-4305-a9de-15e719c8908a}</UniqueIdentifier>
    </Filter>
    <Filter Include="2. Renderer\PostProcess">
      <UniqueIdentifier>{451616a9-a9c0-49ff-ae32-fe433ebeb331}</UniqueIdentifier>
    </Filter>
    <Filter Include="2. Renderer\BuiltIn\Shader\BuiltInShaders">
      <UniqueIdentifier>{2901626e-acce-4970-a9c5-67119927ccf6}</UniqueIdentifier>
    </Filter>
    <Filter Include="2. Renderer\BuiltIn\Shader\BuiltInShaders\PostProcess">
      <UniqueIdentifier>{085f207e-b46f-4a0d-ae0d-6b457d10f983}</UniqueIdentifier>
    </Filter>
    <Filter Include="2. Renderer\BuiltIn\Shader\BuiltInShaders\Common">
      <UniqueIdentifier>{0c986585-0614-4a51-af27-013d217dd648}</UniqueIdentifier>
    </Filter>
    <Filter Include="2. Renderer\BuiltIn\Shader\BuiltInShaders\SSAO">
      <UniqueIdentifier>{833ca557-8122-42bf-8afa-7a6dd43a222c}</UniqueIdentifier>
    </Filter>
    <Filter Include="2. Renderer\BuiltIn\Shader\BuiltInShaders\PBR">
      <UniqueIdentifier>{879c76dc-96e3-42cc-bb55-013e50374a85}</UniqueIdentifier>
    </Filter>
    <Filter Include="2. Renderer\BuiltIn\Shader\BuiltInShaders\Shadow, Light">
      <UniqueIdentifier>{4e6eacd2-a316-4f75-a900-eac3585184f9}</UniqueIdentifier>
    </Filter>
  </ItemGroup>
  <ItemGroup>
    <ClInclude Include="pch.h">
      <Filter>99. Base</Filter>
    </ClInclude>
    <ClInclude Include="Config.h">
      <Filter>99. Base\Config</Filter>
    </ClInclude>
    <ClInclude Include="DataType.h">
      <Filter>99. Base</Filter>
    </ClInclude>
    <ClInclude Include="Macros.h">
      <Filter>99. Base</Filter>
    </ClInclude>
    <ClInclude Include="Error.h">
      <Filter>99. Base</Filter>
    </ClInclude>
    <ClInclude Include="Log.h">
      <Filter>1. Core\Log</Filter>
    </ClInclude>
    <ClInclude Include="Timer.h">
      <Filter>98. Utilities</Filter>
    </ClInclude>
    <ClInclude Include="StringUtilities.h">
      <Filter>98. Utilities</Filter>
    </ClInclude>
    <ClInclude Include="EntryPoint.h">
      <Filter>1. Core</Filter>
    </ClInclude>
    <ClInclude Include="JamEngine.h">
      <Filter>0. Include</Filter>
    </ClInclude>
    <ClInclude Include="Application.h">
      <Filter>1. Core</Filter>
    </ClInclude>
    <ClInclude Include="WindowsUtilities.h">
      <Filter>98. Utilities</Filter>
    </ClInclude>
    <ClInclude Include="Window.h">
      <Filter>1. Core\Platform</Filter>
    </ClInclude>
    <ClInclude Include="Event.h">
      <Filter>1. Core\Event</Filter>
    </ClInclude>
    <ClInclude Include="Events.h">
      <Filter>1. Core\Event</Filter>
    </ClInclude>
    <ClInclude Include="CommandQueue.h">
      <Filter>97. MultiThread</Filter>
    </ClInclude>
    <ClInclude Include="MathUtilities.h">
      <Filter>98. Utilities</Filter>
    </ClInclude>
    <ClInclude Include="Buffers.h">
      <Filter>2. Renderer\Buffer</Filter>
    </ClInclude>
    <ClInclude Include="ShaderCompiler.h">
      <Filter>2. Renderer\Shader</Filter>
    </ClInclude>
    <ClInclude Include="InputLayout.h">
      <Filter>2. Renderer\Shader</Filter>
    </ClInclude>
    <ClInclude Include="TypeTrait.h">
      <Filter>99. Base</Filter>
    </ClInclude>
    <ClInclude Include="Textures.h">
      <Filter>2. Renderer\Texture</Filter>
    </ClInclude>
    <ClInclude Include="ShaderProgram.h">
      <Filter>2. Renderer\Shader</Filter>
    </ClInclude>
    <ClInclude Include="RenderStates.h">
      <Filter>2. Renderer\States</Filter>
    </ClInclude>
    <ClInclude Include="Viewport.h">
      <Filter>2. Renderer\Viewport</Filter>
    </ClInclude>
    <ClInclude Include="ILayer.h">
      <Filter>1. Core\ILayer</Filter>
    </ClInclude>
    <ClInclude Include="RendererCommons.h">
      <Filter>2. Renderer\Core</Filter>
    </ClInclude>
    <ClInclude Include="Renderer.h">
      <Filter>2. Renderer\Core</Filter>
    </ClInclude>
    <ClInclude Include="ImguiLayer.h">
      <Filter>2. Renderer\Imgui</Filter>
    </ClInclude>
    <ClInclude Include="SceneLayer.h">
      <Filter>4. Scene</Filter>
    </ClInclude>
    <ClInclude Include="Scene.h">
      <Filter>4. Scene</Filter>
    </ClInclude>
    <ClInclude Include="Components.h">
      <Filter>4. Scene\ECS</Filter>
    </ClInclude>
    <ClInclude Include="Entity.h">
      <Filter>4. Scene\ECS</Filter>
    </ClInclude>
    <ClInclude Include="Script.h">
      <Filter>4. Scene\ECS</Filter>
    </ClInclude>
    <ClInclude Include="Model.h">
      <Filter>2. Renderer\Model</Filter>
    </ClInclude>
    <ClInclude Include="Vertex.h">
      <Filter>2. Renderer\Vertex</Filter>
    </ClInclude>
    <ClInclude Include="ModelImporter.h">
      <Filter>2. Renderer\Model</Filter>
    </ClInclude>
    <ClInclude Include="ModelExporter.h">
      <Filter>2. Renderer\Model</Filter>
    </ClInclude>
    <ClInclude Include="MeshFactory.h">
      <Filter>2. Renderer\Model</Filter>
    </ClInclude>
    <ClInclude Include="Mesh.h">
      <Filter>2. Renderer\Model</Filter>
    </ClInclude>
    <ClInclude Include="Material.h">
      <Filter>2. Renderer\Model</Filter>
    </ClInclude>
    <ClInclude Include="ModelLoader.h">
      <Filter>2. Renderer\Model</Filter>
    </ClInclude>
    <ClInclude Include="Input.h">
      <Filter>1. Core\Input</Filter>
    </ClInclude>
    <ClInclude Include="ColorUtility.h">
      <Filter>98. Utilities</Filter>
    </ClInclude>
    <ClInclude Include="ShaderBridge.h">
      <Filter>2. Renderer\BuiltIn</Filter>
    </ClInclude>
    <ClInclude Include="BuiltInShaderProgram.h">
      <Filter>2. Renderer\BuiltIn\Shader</Filter>
    </ClInclude>
    <ClInclude Include="BuildInConstantBuffers.h">
      <Filter>2. Renderer\BuiltIn\ConstantBuffer</Filter>
    </ClInclude>
    <ClInclude Include="BuiltInRenderStates.h">
      <Filter>2. Renderer\BuiltIn\States</Filter>
    </ClInclude>
    <ClInclude Include="ScriptMetaManager.h">
      <Filter>4. Scene\ECS</Filter>
    </ClInclude>
    <ClInclude Include="ComponentMetaManager.h" />
  </ItemGroup>
  <ItemGroup>
    <None Include=".clang-format">
      <Filter>99. Base\Config</Filter>
    </None>
    <None Include=".editorconfig">
      <Filter>99. Base\Config</Filter>
    </None>
    <None Include="model.fbs">
      <Filter>96. Serializer\Flatbuffers\Model</Filter>
    </None>
    <None Include="shaders\PBRCommon.hlsli">
      <Filter>2. Renderer\BuiltIn\Shader\BuiltInShaders\PBR</Filter>
    </None>
  </ItemGroup>
  <ItemGroup>
    <FxCompile Include="shaders\SkyboxShader.hlsl">
      <Filter>2. Renderer\BuiltIn\Shader\BuiltInShaders</Filter>
    </FxCompile>
    <FxCompile Include="shaders\BloomDownFilterPS.hlsl">
      <Filter>2. Renderer\BuiltIn\Shader\BuiltInShaders\PostProcess</Filter>
    </FxCompile>
    <FxCompile Include="shaders\ShaderCommon.hlsl">
      <Filter>2. Renderer\BuiltIn\Shader\BuiltInShaders\Common</Filter>
    </FxCompile>
    <FxCompile Include="shaders\BloomUpFilterPS.hlsl">
      <Filter>2. Renderer\BuiltIn\Shader\BuiltInShaders\PostProcess</Filter>
    </FxCompile>
    <FxCompile Include="shaders\BloomCombineFilterPS.hlsl">
      <Filter>2. Renderer\BuiltIn\Shader\BuiltInShaders\PostProcess</Filter>
    </FxCompile>
    <FxCompile Include="shaders\FogPS.hlsl">
      <Filter>2. Renderer\BuiltIn\Shader\BuiltInShaders\PostProcess</Filter>
    </FxCompile>
    <FxCompile Include="shaders\FXAAPS.hlsl">
      <Filter>2. Renderer\BuiltIn\Shader\BuiltInShaders\PostProcess</Filter>
    </FxCompile>
    <FxCompile Include="shaders\SSAOPS.hlsl">
      <Filter>2. Renderer\BuiltIn\Shader\BuiltInShaders\SSAO</Filter>
    </FxCompile>
    <FxCompile Include="shaders\SSAOBlurPS.hlsl">
      <Filter>2. Renderer\BuiltIn\Shader\BuiltInShaders\SSAO</Filter>
    </FxCompile>
    <FxCompile Include="shaders\ToneMappingPS.hlsl">
      <Filter>2. Renderer\BuiltIn\Shader\BuiltInShaders\PostProcess</Filter>
    </FxCompile>
    <FxCompile Include="shaders\PBRForwardShader.hlsl">
      <Filter>2. Renderer\BuiltIn\Shader\BuiltInShaders\PBR</Filter>
    </FxCompile>
    <FxCompile Include="shaders\PBRGBufferShader.hlsl">
      <Filter>2. Renderer\BuiltIn\Shader\BuiltInShaders\PBR</Filter>
    </FxCompile>
    <FxCompile Include="shaders\PBRLightingShader.hlsl">
      <Filter>2. Renderer\BuiltIn\Shader\BuiltInShaders\PBR</Filter>
    </FxCompile>
    <FxCompile Include="shaders\ScreenSpaceEffectVS.hlsl">
      <Filter>2. Renderer\BuiltIn\Shader\BuiltInShaders\PostProcess</Filter>
    </FxCompile>
    <FxCompile Include="shaders\SamplingPS.hlsl">
      <Filter>2. Renderer\BuiltIn\Shader\BuiltInShaders\PostProcess</Filter>
    </FxCompile>
    <FxCompile Include="shaders\ShadowCasterShader.hlsl">
      <Filter>2. Renderer\BuiltIn\Shader\BuiltInShaders\Shadow, Light</Filter>
    </FxCompile>
    <FxCompile Include="shaders\LightVolumeShader.hlsl">
      <Filter>2. Renderer\BuiltIn\Shader\BuiltInShaders\Shadow, Light</Filter>
    </FxCompile>
    <FxCompile Include="shaders\PBRVS.hlsl">
      <Filter>2. Renderer\BuiltIn\Shader\BuiltInShaders\PBR</Filter>
    </FxCompile>
  </ItemGroup>
</Project>